// !$*UTF8*$!
{
	archiveVersion = 1;
	classes = {
	};
	objectVersion = 50;
	objects = {

/* Begin PBXBuildFile section */
		FB156C952549728800969AB7 /* ImageViewCell.swift in Sources */ = {isa = PBXBuildFile; fileRef = FB156C942549728800969AB7 /* ImageViewCell.swift */; };
		FB156C9A2549749C00969AB7 /* BasicInfoViewCell.swift in Sources */ = {isa = PBXBuildFile; fileRef = FB156C992549749C00969AB7 /* BasicInfoViewCell.swift */; };
		FB156C9C2549756E00969AB7 /* QualityScoreViewCell.swift in Sources */ = {isa = PBXBuildFile; fileRef = FB156C9B2549756E00969AB7 /* QualityScoreViewCell.swift */; };
		FB156C9E2549783F00969AB7 /* SearchResultViewCell.swift in Sources */ = {isa = PBXBuildFile; fileRef = FB156C9D2549783F00969AB7 /* SearchResultViewCell.swift */; };
		FB156CA025498F8700969AB7 /* SearchViewController.swift in Sources */ = {isa = PBXBuildFile; fileRef = FB156C9F25498F8700969AB7 /* SearchViewController.swift */; };
		FB156CA4254998E700969AB7 /* CityImageData.swift in Sources */ = {isa = PBXBuildFile; fileRef = FB156CA3254998E700969AB7 /* CityImageData.swift */; };
		FB156CA62549998F00969AB7 /* QualityOfLifeData.swift in Sources */ = {isa = PBXBuildFile; fileRef = FB156CA52549998F00969AB7 /* QualityOfLifeData.swift */; };
		FB156CA825499A0000969AB7 /* BasicInfoData.swift in Sources */ = {isa = PBXBuildFile; fileRef = FB156CA7254999FF00969AB7 /* BasicInfoData.swift */; };
		FB156CAA25499BA300969AB7 /* CitySearchData.swift in Sources */ = {isa = PBXBuildFile; fileRef = FB156CA925499BA300969AB7 /* CitySearchData.swift */; };
		FB156CAC2549AB5300969AB7 /* NetworkParameters.swift in Sources */ = {isa = PBXBuildFile; fileRef = FB156CAB2549AB5300969AB7 /* NetworkParameters.swift */; };
		FB156CAE2549B71600969AB7 /* NetworkServices.swift in Sources */ = {isa = PBXBuildFile; fileRef = FB156CAD2549B71600969AB7 /* NetworkServices.swift */; };
		FB156CB12549D02200969AB7 /* UIImageView.swift in Sources */ = {isa = PBXBuildFile; fileRef = FB156CB02549D02200969AB7 /* UIImageView.swift */; };
		FB3CCDB72545B34200F08400 /* AppDelegate.swift in Sources */ = {isa = PBXBuildFile; fileRef = FB3CCDB62545B34200F08400 /* AppDelegate.swift */; };
		FB3CCDB92545B34200F08400 /* SceneDelegate.swift in Sources */ = {isa = PBXBuildFile; fileRef = FB3CCDB82545B34200F08400 /* SceneDelegate.swift */; };
		FB3CCDBE2545B34200F08400 /* Main.storyboard in Resources */ = {isa = PBXBuildFile; fileRef = FB3CCDBC2545B34200F08400 /* Main.storyboard */; };
		FB3CCDC02545B34600F08400 /* Assets.xcassets in Resources */ = {isa = PBXBuildFile; fileRef = FB3CCDBF2545B34600F08400 /* Assets.xcassets */; };
		FB3CCDC32545B34600F08400 /* LaunchScreen.storyboard in Resources */ = {isa = PBXBuildFile; fileRef = FB3CCDC12545B34600F08400 /* LaunchScreen.storyboard */; };
		FB5B553B2553105E00AB4BA4 /* UIColor.swift in Sources */ = {isa = PBXBuildFile; fileRef = FB5B553A2553105E00AB4BA4 /* UIColor.swift */; };
		FB92986E25FBE64000770F1B /* CityInfoByCurrentLocation.swift in Sources */ = {isa = PBXBuildFile; fileRef = FB92986D25FBE64000770F1B /* CityInfoByCurrentLocation.swift */; };
		FB970E6B254EC16A00AAA27C /* MainTableViewController.swift in Sources */ = {isa = PBXBuildFile; fileRef = FB970E6A254EC16A00AAA27C /* MainTableViewController.swift */; };
		FB970E6F254EE28300AAA27C /* TitleInfoViewCell.swift in Sources */ = {isa = PBXBuildFile; fileRef = FB970E6E254EE28300AAA27C /* TitleInfoViewCell.swift */; };
/* End PBXBuildFile section */

/* Begin PBXFileReference section */
		FB156C942549728800969AB7 /* ImageViewCell.swift */ = {isa = PBXFileReference; lastKnownFileType = sourcecode.swift; path = ImageViewCell.swift; sourceTree = "<group>"; };
		FB156C992549749C00969AB7 /* BasicInfoViewCell.swift */ = {isa = PBXFileReference; lastKnownFileType = sourcecode.swift; path = BasicInfoViewCell.swift; sourceTree = "<group>"; };
		FB156C9B2549756E00969AB7 /* QualityScoreViewCell.swift */ = {isa = PBXFileReference; lastKnownFileType = sourcecode.swift; path = QualityScoreViewCell.swift; sourceTree = "<group>"; };
		FB156C9D2549783F00969AB7 /* SearchResultViewCell.swift */ = {isa = PBXFileReference; lastKnownFileType = sourcecode.swift; path = SearchResultViewCell.swift; sourceTree = "<group>"; };
		FB156C9F25498F8700969AB7 /* SearchViewController.swift */ = {isa = PBXFileReference; lastKnownFileType = sourcecode.swift; path = SearchViewController.swift; sourceTree = "<group>"; };
		FB156CA3254998E700969AB7 /* CityImageData.swift */ = {isa = PBXFileReference; lastKnownFileType = sourcecode.swift; path = CityImageData.swift; sourceTree = "<group>"; };
		FB156CA52549998F00969AB7 /* QualityOfLifeData.swift */ = {isa = PBXFileReference; lastKnownFileType = sourcecode.swift; path = QualityOfLifeData.swift; sourceTree = "<group>"; };
		FB156CA7254999FF00969AB7 /* BasicInfoData.swift */ = {isa = PBXFileReference; lastKnownFileType = sourcecode.swift; path = BasicInfoData.swift; sourceTree = "<group>"; };
		FB156CA925499BA300969AB7 /* CitySearchData.swift */ = {isa = PBXFileReference; lastKnownFileType = sourcecode.swift; path = CitySearchData.swift; sourceTree = "<group>"; };
		FB156CAB2549AB5300969AB7 /* NetworkParameters.swift */ = {isa = PBXFileReference; lastKnownFileType = sourcecode.swift; path = NetworkParameters.swift; sourceTree = "<group>"; };
		FB156CAD2549B71600969AB7 /* NetworkServices.swift */ = {isa = PBXFileReference; lastKnownFileType = sourcecode.swift; path = NetworkServices.swift; sourceTree = "<group>"; };
		FB156CB02549D02200969AB7 /* UIImageView.swift */ = {isa = PBXFileReference; lastKnownFileType = sourcecode.swift; path = UIImageView.swift; sourceTree = "<group>"; };
		FB3CCDB32545B34200F08400 /* CityLife.app */ = {isa = PBXFileReference; explicitFileType = wrapper.application; includeInIndex = 0; path = CityLife.app; sourceTree = BUILT_PRODUCTS_DIR; };
		FB3CCDB62545B34200F08400 /* AppDelegate.swift */ = {isa = PBXFileReference; lastKnownFileType = sourcecode.swift; path = AppDelegate.swift; sourceTree = "<group>"; };
		FB3CCDB82545B34200F08400 /* SceneDelegate.swift */ = {isa = PBXFileReference; lastKnownFileType = sourcecode.swift; path = SceneDelegate.swift; sourceTree = "<group>"; };
		FB3CCDBD2545B34200F08400 /* Base */ = {isa = PBXFileReference; lastKnownFileType = file.storyboard; name = Base; path = Base.lproj/Main.storyboard; sourceTree = "<group>"; };
		FB3CCDBF2545B34600F08400 /* Assets.xcassets */ = {isa = PBXFileReference; lastKnownFileType = folder.assetcatalog; path = Assets.xcassets; sourceTree = "<group>"; };
		FB3CCDC22545B34600F08400 /* Base */ = {isa = PBXFileReference; lastKnownFileType = file.storyboard; name = Base; path = Base.lproj/LaunchScreen.storyboard; sourceTree = "<group>"; };
		FB3CCDC42545B34600F08400 /* Info.plist */ = {isa = PBXFileReference; lastKnownFileType = text.plist.xml; path = Info.plist; sourceTree = "<group>"; };
		FB5B553A2553105E00AB4BA4 /* UIColor.swift */ = {isa = PBXFileReference; lastKnownFileType = sourcecode.swift; path = UIColor.swift; sourceTree = "<group>"; };
		FB92986D25FBE64000770F1B /* CityInfoByCurrentLocation.swift */ = {isa = PBXFileReference; lastKnownFileType = sourcecode.swift; path = CityInfoByCurrentLocation.swift; sourceTree = "<group>"; };
		FB970E6A254EC16A00AAA27C /* MainTableViewController.swift */ = {isa = PBXFileReference; lastKnownFileType = sourcecode.swift; path = MainTableViewController.swift; sourceTree = "<group>"; };
		FB970E6E254EE28300AAA27C /* TitleInfoViewCell.swift */ = {isa = PBXFileReference; lastKnownFileType = sourcecode.swift; path = TitleInfoViewCell.swift; sourceTree = "<group>"; };
/* End PBXFileReference section */

/* Begin PBXFrameworksBuildPhase section */
		FB3CCDB02545B34200F08400 /* Frameworks */ = {
			isa = PBXFrameworksBuildPhase;
			buildActionMask = 2147483647;
			files = (
			);
			runOnlyForDeploymentPostprocessing = 0;
		};
/* End PBXFrameworksBuildPhase section */

/* Begin PBXGroup section */
		FB156C98254973B900969AB7 /* View */ = {
			isa = PBXGroup;
			children = (
				FBA5AAD92555513900F0DA57 /* Cells */,
			);
			path = View;
			sourceTree = "<group>";
		};
		FB156CA12549976800969AB7 /* Controllers */ = {
			isa = PBXGroup;
			children = (
				FB970E6A254EC16A00AAA27C /* MainTableViewController.swift */,
				FB156C9F25498F8700969AB7 /* SearchViewController.swift */,
			);
			path = Controllers;
			sourceTree = "<group>";
		};
		FB156CA2254997AC00969AB7 /* Model */ = {
			isa = PBXGroup;
			children = (
				FBA5AADA255552F900F0DA57 /* Data */,
				FB156CAF2549B92100969AB7 /* Services */,
				FBDA01C62554857100A85F75 /* Parameters */,
				FB5B55392553101300AB4BA4 /* Extensions */,
			);
			path = Model;
			sourceTree = "<group>";
		};
		FB156CAF2549B92100969AB7 /* Services */ = {
			isa = PBXGroup;
			children = (
				FB156CAD2549B71600969AB7 /* NetworkServices.swift */,
			);
			path = Services;
			sourceTree = "<group>";
		};
		FB3CCDAA2545B34200F08400 = {
			isa = PBXGroup;
			children = (
				FB3CCDB52545B34200F08400 /* CityLife */,
				FB3CCDB42545B34200F08400 /* Products */,
			);
			sourceTree = "<group>";
		};
		FB3CCDB42545B34200F08400 /* Products */ = {
			isa = PBXGroup;
			children = (
				FB3CCDB32545B34200F08400 /* CityLife.app */,
			);
			name = Products;
			sourceTree = "<group>";
		};
		FB3CCDB52545B34200F08400 /* CityLife */ = {
			isa = PBXGroup;
			children = (
				FB3CCDB62545B34200F08400 /* AppDelegate.swift */,
				FB3CCDB82545B34200F08400 /* SceneDelegate.swift */,
				FB3CCDBC2545B34200F08400 /* Main.storyboard */,
				FB156CA2254997AC00969AB7 /* Model */,
				FB156C98254973B900969AB7 /* View */,
				FB156CA12549976800969AB7 /* Controllers */,
				FB3CCDBF2545B34600F08400 /* Assets.xcassets */,
				FB3CCDC12545B34600F08400 /* LaunchScreen.storyboard */,
				FB3CCDC42545B34600F08400 /* Info.plist */,
			);
			path = CityLife;
			sourceTree = "<group>";
		};
		FB5B55392553101300AB4BA4 /* Extensions */ = {
			isa = PBXGroup;
			children = (
				FB156CB02549D02200969AB7 /* UIImageView.swift */,
				FB5B553A2553105E00AB4BA4 /* UIColor.swift */,
			);
			path = Extensions;
			sourceTree = "<group>";
		};
		FBA5AAD92555513900F0DA57 /* Cells */ = {
			isa = PBXGroup;
			children = (
				FB156C942549728800969AB7 /* ImageViewCell.swift */,
				FB970E6E254EE28300AAA27C /* TitleInfoViewCell.swift */,
				FB156C992549749C00969AB7 /* BasicInfoViewCell.swift */,
				FB156C9B2549756E00969AB7 /* QualityScoreViewCell.swift */,
				FB156C9D2549783F00969AB7 /* SearchResultViewCell.swift */,
			);
			path = Cells;
			sourceTree = "<group>";
		};
		FBA5AADA255552F900F0DA57 /* Data */ = {
			isa = PBXGroup;
			children = (
				FB156CA3254998E700969AB7 /* CityImageData.swift */,
				FB156CA7254999FF00969AB7 /* BasicInfoData.swift */,
				FB156CA52549998F00969AB7 /* QualityOfLifeData.swift */,
				FB156CA925499BA300969AB7 /* CitySearchData.swift */,
				FB92986D25FBE64000770F1B /* CityInfoByCurrentLocation.swift */,
			);
			path = Data;
			sourceTree = "<group>";
		};
		FBDA01C62554857100A85F75 /* Parameters */ = {
			isa = PBXGroup;
			children = (
				FB156CAB2549AB5300969AB7 /* NetworkParameters.swift */,
			);
			path = Parameters;
			sourceTree = "<group>";
		};
/* End PBXGroup section */

/* Begin PBXNativeTarget section */
		FB3CCDB22545B34200F08400 /* CityLife */ = {
			isa = PBXNativeTarget;
			buildConfigurationList = FB3CCDC72545B34600F08400 /* Build configuration list for PBXNativeTarget "CityLife" */;
			buildPhases = (
				FB3CCDAF2545B34200F08400 /* Sources */,
				FB3CCDB02545B34200F08400 /* Frameworks */,
				FB3CCDB12545B34200F08400 /* Resources */,
			);
			buildRules = (
			);
			dependencies = (
			);
			name = CityLife;
			productName = CityLife;
			productReference = FB3CCDB32545B34200F08400 /* CityLife.app */;
			productType = "com.apple.product-type.application";
		};
/* End PBXNativeTarget section */

/* Begin PBXProject section */
		FB3CCDAB2545B34200F08400 /* Project object */ = {
			isa = PBXProject;
			attributes = {
				LastSwiftUpdateCheck = 1170;
				LastUpgradeCheck = 1170;
				ORGANIZATIONNAME = KirRealDev;
				TargetAttributes = {
					FB3CCDB22545B34200F08400 = {
						CreatedOnToolsVersion = 11.7;
					};
				};
			};
			buildConfigurationList = FB3CCDAE2545B34200F08400 /* Build configuration list for PBXProject "CityLife" */;
			compatibilityVersion = "Xcode 9.3";
			developmentRegion = en;
			hasScannedForEncodings = 0;
			knownRegions = (
				en,
				Base,
			);
			mainGroup = FB3CCDAA2545B34200F08400;
			productRefGroup = FB3CCDB42545B34200F08400 /* Products */;
			projectDirPath = "";
			projectRoot = "";
			targets = (
				FB3CCDB22545B34200F08400 /* CityLife */,
			);
		};
/* End PBXProject section */

/* Begin PBXResourcesBuildPhase section */
		FB3CCDB12545B34200F08400 /* Resources */ = {
			isa = PBXResourcesBuildPhase;
			buildActionMask = 2147483647;
			files = (
				FB3CCDC32545B34600F08400 /* LaunchScreen.storyboard in Resources */,
				FB3CCDC02545B34600F08400 /* Assets.xcassets in Resources */,
				FB3CCDBE2545B34200F08400 /* Main.storyboard in Resources */,
			);
			runOnlyForDeploymentPostprocessing = 0;
		};
/* End PBXResourcesBuildPhase section */

/* Begin PBXSourcesBuildPhase section */
		FB3CCDAF2545B34200F08400 /* Sources */ = {
			isa = PBXSourcesBuildPhase;
			buildActionMask = 2147483647;
			files = (
				FB92986E25FBE64000770F1B /* CityInfoByCurrentLocation.swift in Sources */,
				FB970E6F254EE28300AAA27C /* TitleInfoViewCell.swift in Sources */,
				FB156C952549728800969AB7 /* ImageViewCell.swift in Sources */,
				FB156CB12549D02200969AB7 /* UIImageView.swift in Sources */,
				FB156CAC2549AB5300969AB7 /* NetworkParameters.swift in Sources */,
				FB156C9A2549749C00969AB7 /* BasicInfoViewCell.swift in Sources */,
				FB970E6B254EC16A00AAA27C /* MainTableViewController.swift in Sources */,
				FB5B553B2553105E00AB4BA4 /* UIColor.swift in Sources */,
				FB156CA4254998E700969AB7 /* CityImageData.swift in Sources */,
				FB156CA825499A0000969AB7 /* BasicInfoData.swift in Sources */,
				FB156CA025498F8700969AB7 /* SearchViewController.swift in Sources */,
				FB156CAE2549B71600969AB7 /* NetworkServices.swift in Sources */,
				FB156C9E2549783F00969AB7 /* SearchResultViewCell.swift in Sources */,
				FB156CA62549998F00969AB7 /* QualityOfLifeData.swift in Sources */,
				FB156CAA25499BA300969AB7 /* CitySearchData.swift in Sources */,
				FB3CCDB72545B34200F08400 /* AppDelegate.swift in Sources */,
				FB3CCDB92545B34200F08400 /* SceneDelegate.swift in Sources */,
				FB156C9C2549756E00969AB7 /* QualityScoreViewCell.swift in Sources */,
			);
			runOnlyForDeploymentPostprocessing = 0;
		};
/* End PBXSourcesBuildPhase section */

/* Begin PBXVariantGroup section */
		FB3CCDBC2545B34200F08400 /* Main.storyboard */ = {
			isa = PBXVariantGroup;
			children = (
				FB3CCDBD2545B34200F08400 /* Base */,
			);
			name = Main.storyboard;
			sourceTree = "<group>";
		};
		FB3CCDC12545B34600F08400 /* LaunchScreen.storyboard */ = {
			isa = PBXVariantGroup;
			children = (
				FB3CCDC22545B34600F08400 /* Base */,
			);
			name = LaunchScreen.storyboard;
			sourceTree = "<group>";
		};
/* End PBXVariantGroup section */

/* Begin XCBuildConfiguration section */
		FB3CCDC52545B34600F08400 /* Debug */ = {
			isa = XCBuildConfiguration;
			buildSettings = {
				ALWAYS_SEARCH_USER_PATHS = NO;
				CLANG_ANALYZER_NONNULL = YES;
				CLANG_ANALYZER_NUMBER_OBJECT_CONVERSION = YES_AGGRESSIVE;
				CLANG_CXX_LANGUAGE_STANDARD = "gnu++14";
				CLANG_CXX_LIBRARY = "libc++";
				CLANG_ENABLE_MODULES = YES;
				CLANG_ENABLE_OBJC_ARC = YES;
				CLANG_ENABLE_OBJC_WEAK = YES;
				CLANG_WARN_BLOCK_CAPTURE_AUTORELEASING = YES;
				CLANG_WARN_BOOL_CONVERSION = YES;
				CLANG_WARN_COMMA = YES;
				CLANG_WARN_CONSTANT_CONVERSION = YES;
				CLANG_WARN_DEPRECATED_OBJC_IMPLEMENTATIONS = YES;
				CLANG_WARN_DIRECT_OBJC_ISA_USAGE = YES_ERROR;
				CLANG_WARN_DOCUMENTATION_COMMENTS = YES;
				CLANG_WARN_EMPTY_BODY = YES;
				CLANG_WARN_ENUM_CONVERSION = YES;
				CLANG_WARN_INFINITE_RECURSION = YES;
				CLANG_WARN_INT_CONVERSION = YES;
				CLANG_WARN_NON_LITERAL_NULL_CONVERSION = YES;
				CLANG_WARN_OBJC_IMPLICIT_RETAIN_SELF = YES;
				CLANG_WARN_OBJC_LITERAL_CONVERSION = YES;
				CLANG_WARN_OBJC_ROOT_CLASS = YES_ERROR;
				CLANG_WARN_RANGE_LOOP_ANALYSIS = YES;
				CLANG_WARN_STRICT_PROTOTYPES = YES;
				CLANG_WARN_SUSPICIOUS_MOVE = YES;
				CLANG_WARN_UNGUARDED_AVAILABILITY = YES_AGGRESSIVE;
				CLANG_WARN_UNREACHABLE_CODE = YES;
				CLANG_WARN__DUPLICATE_METHOD_MATCH = YES;
				COPY_PHASE_STRIP = NO;
				DEBUG_INFORMATION_FORMAT = dwarf;
				ENABLE_STRICT_OBJC_MSGSEND = YES;
				ENABLE_TESTABILITY = YES;
				GCC_C_LANGUAGE_STANDARD = gnu11;
				GCC_DYNAMIC_NO_PIC = NO;
				GCC_NO_COMMON_BLOCKS = YES;
				GCC_OPTIMIZATION_LEVEL = 0;
				GCC_PREPROCESSOR_DEFINITIONS = (
					"DEBUG=1",
					"$(inherited)",
				);
				GCC_WARN_64_TO_32_BIT_CONVERSION = YES;
				GCC_WARN_ABOUT_RETURN_TYPE = YES_ERROR;
				GCC_WARN_UNDECLARED_SELECTOR = YES;
				GCC_WARN_UNINITIALIZED_AUTOS = YES_AGGRESSIVE;
				GCC_WARN_UNUSED_FUNCTION = YES;
				GCC_WARN_UNUSED_VARIABLE = YES;
				IPHONEOS_DEPLOYMENT_TARGET = 13.7;
				MTL_ENABLE_DEBUG_INFO = INCLUDE_SOURCE;
				MTL_FAST_MATH = YES;
				ONLY_ACTIVE_ARCH = YES;
				SDKROOT = iphoneos;
				SWIFT_ACTIVE_COMPILATION_CONDITIONS = DEBUG;
				SWIFT_OPTIMIZATION_LEVEL = "-Onone";
			};
			name = Debug;
		};
		FB3CCDC62545B34600F08400 /* Release */ = {
			isa = XCBuildConfiguration;
			buildSettings = {
				ALWAYS_SEARCH_USER_PATHS = NO;
				CLANG_ANALYZER_NONNULL = YES;
				CLANG_ANALYZER_NUMBER_OBJECT_CONVERSION = YES_AGGRESSIVE;
				CLANG_CXX_LANGUAGE_STANDARD = "gnu++14";
				CLANG_CXX_LIBRARY = "libc++";
				CLANG_ENABLE_MODULES = YES;
				CLANG_ENABLE_OBJC_ARC = YES;
				CLANG_ENABLE_OBJC_WEAK = YES;
				CLANG_WARN_BLOCK_CAPTURE_AUTORELEASING = YES;
				CLANG_WARN_BOOL_CONVERSION = YES;
				CLANG_WARN_COMMA = YES;
				CLANG_WARN_CONSTANT_CONVERSION = YES;
				CLANG_WARN_DEPRECATED_OBJC_IMPLEMENTATIONS = YES;
				CLANG_WARN_DIRECT_OBJC_ISA_USAGE = YES_ERROR;
				CLANG_WARN_DOCUMENTATION_COMMENTS = YES;
				CLANG_WARN_EMPTY_BODY = YES;
				CLANG_WARN_ENUM_CONVERSION = YES;
				CLANG_WARN_INFINITE_RECURSION = YES;
				CLANG_WARN_INT_CONVERSION = YES;
				CLANG_WARN_NON_LITERAL_NULL_CONVERSION = YES;
				CLANG_WARN_OBJC_IMPLICIT_RETAIN_SELF = YES;
				CLANG_WARN_OBJC_LITERAL_CONVERSION = YES;
				CLANG_WARN_OBJC_ROOT_CLASS = YES_ERROR;
				CLANG_WARN_RANGE_LOOP_ANALYSIS = YES;
				CLANG_WARN_STRICT_PROTOTYPES = YES;
				CLANG_WARN_SUSPICIOUS_MOVE = YES;
				CLANG_WARN_UNGUARDED_AVAILABILITY = YES_AGGRESSIVE;
				CLANG_WARN_UNREACHABLE_CODE = YES;
				CLANG_WARN__DUPLICATE_METHOD_MATCH = YES;
				COPY_PHASE_STRIP = NO;
				DEBUG_INFORMATION_FORMAT = "dwarf-with-dsym";
				ENABLE_NS_ASSERTIONS = NO;
				ENABLE_STRICT_OBJC_MSGSEND = YES;
				GCC_C_LANGUAGE_STANDARD = gnu11;
				GCC_NO_COMMON_BLOCKS = YES;
				GCC_WARN_64_TO_32_BIT_CONVERSION = YES;
				GCC_WARN_ABOUT_RETURN_TYPE = YES_ERROR;
				GCC_WARN_UNDECLARED_SELECTOR = YES;
				GCC_WARN_UNINITIALIZED_AUTOS = YES_AGGRESSIVE;
				GCC_WARN_UNUSED_FUNCTION = YES;
				GCC_WARN_UNUSED_VARIABLE = YES;
				IPHONEOS_DEPLOYMENT_TARGET = 13.7;
				MTL_ENABLE_DEBUG_INFO = NO;
				MTL_FAST_MATH = YES;
				SDKROOT = iphoneos;
				SWIFT_COMPILATION_MODE = wholemodule;
				SWIFT_OPTIMIZATION_LEVEL = "-O";
				VALIDATE_PRODUCT = YES;
			};
			name = Release;
		};
		FB3CCDC82545B34600F08400 /* Debug */ = {
			isa = XCBuildConfiguration;
			buildSettings = {
				ASSETCATALOG_COMPILER_APPICON_NAME = AppIcon;
				CODE_SIGN_STYLE = Automatic;
				DEVELOPMENT_TEAM = 354LZCDJ97;
				INFOPLIST_FILE = CityLife/Info.plist;
				IPHONEOS_DEPLOYMENT_TARGET = 14.4;
				LD_RUNPATH_SEARCH_PATHS = (
					"$(inherited)",
					"@executable_path/Frameworks",
				);
				PRODUCT_BUNDLE_IDENTIFIER = com.KirRealDev.CityLife;
				PRODUCT_NAME = "$(TARGET_NAME)";
				SWIFT_VERSION = 5.0;
				TARGETED_DEVICE_FAMILY = 1;
			};
			name = Debug;
		};
		FB3CCDC92545B34600F08400 /* Release */ = {
			isa = XCBuildConfiguration;
			buildSettings = {
				ASSETCATALOG_COMPILER_APPICON_NAME = AppIcon;
				CODE_SIGN_STYLE = Automatic;
				DEVELOPMENT_TEAM = 354LZCDJ97;
				INFOPLIST_FILE = CityLife/Info.plist;
				IPHONEOS_DEPLOYMENT_TARGET = 14.4;
				LD_RUNPATH_SEARCH_PATHS = (
					"$(inherited)",
					"@executable_path/Frameworks",
				);
				PRODUCT_BUNDLE_IDENTIFIER = com.KirRealDev.CityLife;
				PRODUCT_NAME = "$(TARGET_NAME)";
				SWIFT_VERSION = 5.0;
				TARGETED_DEVICE_FAMILY = 1;
			};
			name = Release;
		};
/* End XCBuildConfiguration section */

/* Begin XCConfigurationList section */
		FB3CCDAE2545B34200F08400 /* Build configuration list for PBXProject "CityLife" */ = {
			isa = XCConfigurationList;
			buildConfigurations = (
				FB3CCDC52545B34600F08400 /* Debug */,
				FB3CCDC62545B34600F08400 /* Release */,
			);
			defaultConfigurationIsVisible = 0;
			defaultConfigurationName = Release;
		};
		FB3CCDC72545B34600F08400 /* Build configuration list for PBXNativeTarget "CityLife" */ = {
			isa = XCConfigurationList;
			buildConfigurations = (
				FB3CCDC82545B34600F08400 /* Debug */,
				FB3CCDC92545B34600F08400 /* Release */,
			);
			defaultConfigurationIsVisible = 0;
			defaultConfigurationName = Release;
		};
/* End XCConfigurationList section */
	};
	rootObject = FB3CCDAB2545B34200F08400 /* Project object */;
}
